
Microsoft Visual Studio Solution File, Format Version 12.00
Project("{FAE04EC0-301F-11D3-BF4B-00C04F79EFBC}") = "SimpleAutoMapping", "SimpleAutoMapping\SimpleAutoMapping.csproj", "{755F9E73-E423-4B88-AC21-89F5696452CA}"
EndProject
Global
	GlobalSection(SolutionConfigurationPlatforms) = preSolution
		Debug|Any CPU = Debug|Any CPU
		Release|Any CPU = Release|Any CPU
	EndGlobalSection
	GlobalSection(ProjectConfigurationPlatforms) = postSolution
		{755F9E73-E423-4B88-AC21-89F5696452CA}.Debug|Any CPU.ActiveCfg = Debug|Any CPU
		{755F9E73-E423-4B88-AC21-89F5696452CA}.Debug|Any CPU.Build.0 = Debug|Any CPU
		{755F9E73-E423-4B88-AC21-89F5696452CA}.Release|Any CPU.ActiveCfg = Release|Any CPU
		{755F9E73-E423-4B88-AC21-89F5696452CA}.Release|Any CPU.Build.0 = Release|Any CPU
	EndGlobalSection
EndGlobal
